// !$*UTF8*$!
{
	archiveVersion = 1;
	classes = {
	};
	objectVersion = 50;
	objects = {

/* Begin PBXBuildFile section */
		943A653B26E0DEC400091B4F /* Extensions.swift in Sources */ = {isa = PBXBuildFile; fileRef = 943A653A26E0DEC400091B4F /* Extensions.swift */; };
		943A653D26E0E67000091B4F /* UICustomImageView.swift in Sources */ = {isa = PBXBuildFile; fileRef = 943A653C26E0E67000091B4F /* UICustomImageView.swift */; };
		943A654126E0EAEA00091B4F /* UIHeaderImageView.swift in Sources */ = {isa = PBXBuildFile; fileRef = 943A654026E0EAEA00091B4F /* UIHeaderImageView.swift */; };
		943A654426E0EDE000091B4F /* DetailViewModel.swift in Sources */ = {isa = PBXBuildFile; fileRef = 943A654326E0EDE000091B4F /* DetailViewModel.swift */; };
		943A654626E0EFE800091B4F /* DetailGame.swift in Sources */ = {isa = PBXBuildFile; fileRef = 943A654526E0EFE800091B4F /* DetailGame.swift */; };
		943A654826E0F2A800091B4F /* DetailGamesRepository.swift in Sources */ = {isa = PBXBuildFile; fileRef = 943A654726E0F2A800091B4F /* DetailGamesRepository.swift */; };
		943A654A26E0F2F000091B4F /* DetailGamesUseCase.swift in Sources */ = {isa = PBXBuildFile; fileRef = 943A654926E0F2F000091B4F /* DetailGamesUseCase.swift */; };
		943A654C26E0F39C00091B4F /* DefaultDetailGamesRepository.swift in Sources */ = {isa = PBXBuildFile; fileRef = 943A654B26E0F39C00091B4F /* DefaultDetailGamesRepository.swift */; };
		943A654E26E1048200091B4F /* UIDescriptionView.swift in Sources */ = {isa = PBXBuildFile; fileRef = 943A654D26E1048200091B4F /* UIDescriptionView.swift */; };
		943A655026E1049100091B4F /* UIRatingsAndReviewView.swift in Sources */ = {isa = PBXBuildFile; fileRef = 943A654F26E1049100091B4F /* UIRatingsAndReviewView.swift */; };
		943A655226E1049D00091B4F /* UIInformationView.swift in Sources */ = {isa = PBXBuildFile; fileRef = 943A655126E1049D00091B4F /* UIInformationView.swift */; };
		943A655526E10AA700091B4F /* UIInformationTableViewCell.swift in Sources */ = {isa = PBXBuildFile; fileRef = 943A655426E10AA700091B4F /* UIInformationTableViewCell.swift */; };
		943CE67F26D13F6F0010AE19 /* MainTabBarViewController.swift in Sources */ = {isa = PBXBuildFile; fileRef = 943CE67E26D13F6F0010AE19 /* MainTabBarViewController.swift */; };
		943CE6C126D1497C0010AE19 /* SceneDelegate.swift in Sources */ = {isa = PBXBuildFile; fileRef = 943CE6C026D1497C0010AE19 /* SceneDelegate.swift */; };
		943CE6C426D154ED0010AE19 /* ColorType.swift in Sources */ = {isa = PBXBuildFile; fileRef = 943CE6C326D154ED0010AE19 /* ColorType.swift */; };
		943CE6C626D157850010AE19 /* Extension.swift in Sources */ = {isa = PBXBuildFile; fileRef = 943CE6C526D157850010AE19 /* Extension.swift */; };
		943CE6C926D15F800010AE19 /* UIHeaderLabel.swift in Sources */ = {isa = PBXBuildFile; fileRef = 943CE6C826D15F800010AE19 /* UIHeaderLabel.swift */; };
		947EDEC726DC9A4200743C10 /* DownloadState.swift in Sources */ = {isa = PBXBuildFile; fileRef = 947EDEC626DC9A4200743C10 /* DownloadState.swift */; };
		947EDEC926DC9A8D00743C10 /* ImageDownloader.swift in Sources */ = {isa = PBXBuildFile; fileRef = 947EDEC826DC9A8D00743C10 /* ImageDownloader.swift */; };
		947EDECC26DC9CED00743C10 /* PendingOperations.swift in Sources */ = {isa = PBXBuildFile; fileRef = 947EDECB26DC9CED00743C10 /* PendingOperations.swift */; };
		9491448426DFF3FD00979BE6 /* GenresResponseDTO+Mapping.swift in Sources */ = {isa = PBXBuildFile; fileRef = 9491448326DFF3FD00979BE6 /* GenresResponseDTO+Mapping.swift */; };
		9491448626DFF4AB00979BE6 /* Genres.swift in Sources */ = {isa = PBXBuildFile; fileRef = 9491448526DFF4AB00979BE6 /* Genres.swift */; };
		9491448826DFF58B00979BE6 /* GenresUseCase.swift in Sources */ = {isa = PBXBuildFile; fileRef = 9491448726DFF58B00979BE6 /* GenresUseCase.swift */; };
		9491448A26DFF5E700979BE6 /* DefaultGenresRepository.swift in Sources */ = {isa = PBXBuildFile; fileRef = 9491448926DFF5E700979BE6 /* DefaultGenresRepository.swift */; };
		9491448C26DFF60E00979BE6 /* GenresRepository.swift in Sources */ = {isa = PBXBuildFile; fileRef = 9491448B26DFF60E00979BE6 /* GenresRepository.swift */; };
		9491448F26DFFDE800979BE6 /* BackgroundDownloadImage.swift in Sources */ = {isa = PBXBuildFile; fileRef = 9491448E26DFFDE800979BE6 /* BackgroundDownloadImage.swift */; };
		9491449126E0081C00979BE6 /* DetailGamesResponseDTO+Mapping.swift in Sources */ = {isa = PBXBuildFile; fileRef = 9491449026E0081C00979BE6 /* DetailGamesResponseDTO+Mapping.swift */; };
		94C6852F26E0BC49009547A9 /* GamesViewModel.swift in Sources */ = {isa = PBXBuildFile; fileRef = 94C6852E26E0BC49009547A9 /* GamesViewModel.swift */; };
		94C6853326E0C128009547A9 /* GamesViewController.swift in Sources */ = {isa = PBXBuildFile; fileRef = 94C6853226E0C128009547A9 /* GamesViewController.swift */; };
		94ED709126D21BFF00E2C94A /* FontType.swift in Sources */ = {isa = PBXBuildFile; fileRef = 94ED709026D21BFF00E2C94A /* FontType.swift */; };
		94ED70B526D231AE00E2C94A /* GamesTableViewCell.swift in Sources */ = {isa = PBXBuildFile; fileRef = 94ED70B426D231AE00E2C94A /* GamesTableViewCell.swift */; };
		94ED70B826D2330900E2C94A /* UICustomTableView.swift in Sources */ = {isa = PBXBuildFile; fileRef = 94ED70B726D2330900E2C94A /* UICustomTableView.swift */; };
		94ED70BC26D23C6E00E2C94A /* UISeparatorView.swift in Sources */ = {isa = PBXBuildFile; fileRef = 94ED70BB26D23C6E00E2C94A /* UISeparatorView.swift */; };
		94ED70BE26D23E6600E2C94A /* UIDescriptionLabel.swift in Sources */ = {isa = PBXBuildFile; fileRef = 94ED70BD26D23E6600E2C94A /* UIDescriptionLabel.swift */; };
		94ED70C026D23EC100E2C94A /* UITitleLabel.swift in Sources */ = {isa = PBXBuildFile; fileRef = 94ED70BF26D23EC100E2C94A /* UITitleLabel.swift */; };
		94ED70C226D23F6700E2C94A /* UIRatingView.swift in Sources */ = {isa = PBXBuildFile; fileRef = 94ED70C126D23F6700E2C94A /* UIRatingView.swift */; };
		94ED70C426D25C4B00E2C94A /* UIHeaderView.swift in Sources */ = {isa = PBXBuildFile; fileRef = 94ED70C326D25C4B00E2C94A /* UIHeaderView.swift */; };
		94ED70C826D2667800E2C94A /* SearchViewController+SearchController.swift in Sources */ = {isa = PBXBuildFile; fileRef = 94ED70C726D2667800E2C94A /* SearchViewController+SearchController.swift */; };
		94ED70CB26D2681300E2C94A /* ResultSearchViewController.swift in Sources */ = {isa = PBXBuildFile; fileRef = 94ED70CA26D2681300E2C94A /* ResultSearchViewController.swift */; };
		94ED70CD26D2691D00E2C94A /* GenresCollectionViewCell.swift in Sources */ = {isa = PBXBuildFile; fileRef = 94ED70CC26D2691D00E2C94A /* GenresCollectionViewCell.swift */; };
		94ED70CF26D26BB400E2C94A /* SearchViewController+CollectionView.swift in Sources */ = {isa = PBXBuildFile; fileRef = 94ED70CE26D26BB400E2C94A /* SearchViewController+CollectionView.swift */; };
		94ED70D126D2880800E2C94A /* UICustomCollectionView.swift in Sources */ = {isa = PBXBuildFile; fileRef = 94ED70D026D2880800E2C94A /* UICustomCollectionView.swift */; };
		94ED70D626D2A2A500E2C94A /* SeeAllViewController.swift in Sources */ = {isa = PBXBuildFile; fileRef = 94ED70D526D2A2A500E2C94A /* SeeAllViewController.swift */; };
		94ED70DC26D2A41800E2C94A /* GamesFlowCoordinator.swift in Sources */ = {isa = PBXBuildFile; fileRef = 94ED70DB26D2A41800E2C94A /* GamesFlowCoordinator.swift */; };
		94ED70DE26D2A45A00E2C94A /* SeeAllGamesType.swift in Sources */ = {isa = PBXBuildFile; fileRef = 94ED70DD26D2A45A00E2C94A /* SeeAllGamesType.swift */; };
		94ED70E126D2A4C300E2C94A /* DetailViewController.swift in Sources */ = {isa = PBXBuildFile; fileRef = 94ED70E026D2A4C300E2C94A /* DetailViewController.swift */; };
		94ED70E326D2B94A00E2C94A /* SearchViewModel.swift in Sources */ = {isa = PBXBuildFile; fileRef = 94ED70E226D2B94A00E2C94A /* SearchViewModel.swift */; };
		94ED70E626D2BEBD00E2C94A /* AboutViewController.swift in Sources */ = {isa = PBXBuildFile; fileRef = 94ED70E526D2BEBD00E2C94A /* AboutViewController.swift */; };
		94ED70EB26D2CB9B00E2C94A /* UILoadingView.swift in Sources */ = {isa = PBXBuildFile; fileRef = 94ED70EA26D2CB9B00E2C94A /* UILoadingView.swift */; };
		94ED70ED26D2CF3600E2C94A /* UICustomViewControllerWithScrollView.swift in Sources */ = {isa = PBXBuildFile; fileRef = 94ED70EC26D2CF3600E2C94A /* UICustomViewControllerWithScrollView.swift */; };
		94ED70EF26D2DC0200E2C94A /* UINavigationHeaderView.swift in Sources */ = {isa = PBXBuildFile; fileRef = 94ED70EE26D2DC0200E2C94A /* UINavigationHeaderView.swift */; };
		94F6284626D004A900BAF79D /* AppDelegate.swift in Sources */ = {isa = PBXBuildFile; fileRef = 94F6284526D004A900BAF79D /* AppDelegate.swift */; };
		94F6284F26D004AA00BAF79D /* Assets.xcassets in Resources */ = {isa = PBXBuildFile; fileRef = 94F6284E26D004AA00BAF79D /* Assets.xcassets */; };
		94F6285226D004AA00BAF79D /* LaunchScreen.storyboard in Resources */ = {isa = PBXBuildFile; fileRef = 94F6285026D004AA00BAF79D /* LaunchScreen.storyboard */; };
		94F6286426D0067100BAF79D /* AppConfiguration.swift in Sources */ = {isa = PBXBuildFile; fileRef = 94F6286326D0067100BAF79D /* AppConfiguration.swift */; };
		94F6286926D007E900BAF79D /* BrowseGamesViewController.swift in Sources */ = {isa = PBXBuildFile; fileRef = 94F6286826D007E900BAF79D /* BrowseGamesViewController.swift */; };
		94F6286D26D0081A00BAF79D /* SearchViewController.swift in Sources */ = {isa = PBXBuildFile; fileRef = 94F6286C26D0081A00BAF79D /* SearchViewController.swift */; };
		94F6287126D0133200BAF79D /* DataTransferService.swift in Sources */ = {isa = PBXBuildFile; fileRef = 94F6287026D0133200BAF79D /* DataTransferService.swift */; };
		94F6287326D013C100BAF79D /* NetworkConfig.swift in Sources */ = {isa = PBXBuildFile; fileRef = 94F6287226D013C100BAF79D /* NetworkConfig.swift */; };
		94F6287526D0142200BAF79D /* EndPoint.swift in Sources */ = {isa = PBXBuildFile; fileRef = 94F6287426D0142200BAF79D /* EndPoint.swift */; };
		94F6287726D017EF00BAF79D /* NetworkService.swift in Sources */ = {isa = PBXBuildFile; fileRef = 94F6287626D017EF00BAF79D /* NetworkService.swift */; };
		94F6287A26D020CE00BAF79D /* Cancelable.swift in Sources */ = {isa = PBXBuildFile; fileRef = 94F6287926D020CE00BAF79D /* Cancelable.swift */; };
		94F6287C26D020D900BAF79D /* ConnectionError.swift in Sources */ = {isa = PBXBuildFile; fileRef = 94F6287B26D020D900BAF79D /* ConnectionError.swift */; };
		94F6288026D021AE00BAF79D /* GamesResponseDTO+Mapping.swift in Sources */ = {isa = PBXBuildFile; fileRef = 94F6287F26D021AE00BAF79D /* GamesResponseDTO+Mapping.swift */; };
		94F6288426D024AC00BAF79D /* Games.swift in Sources */ = {isa = PBXBuildFile; fileRef = 94F6288326D024AC00BAF79D /* Games.swift */; };
		94F6288626D0266500BAF79D /* APIEndpoints.swift in Sources */ = {isa = PBXBuildFile; fileRef = 94F6288526D0266500BAF79D /* APIEndpoints.swift */; };
		94F6288926D0269E00BAF79D /* GamesRequestDTO+Mapping.swift in Sources */ = {isa = PBXBuildFile; fileRef = 94F6288826D0269E00BAF79D /* GamesRequestDTO+Mapping.swift */; };
		94F6288D26D028F700BAF79D /* RepositoryTask.swift in Sources */ = {isa = PBXBuildFile; fileRef = 94F6288C26D028F700BAF79D /* RepositoryTask.swift */; };
		94F6288F26D0293400BAF79D /* DefaultGamesRepository.swift in Sources */ = {isa = PBXBuildFile; fileRef = 94F6288E26D0293400BAF79D /* DefaultGamesRepository.swift */; };
		94F6289326D0299B00BAF79D /* GamesRepository.swift in Sources */ = {isa = PBXBuildFile; fileRef = 94F6289226D0299B00BAF79D /* GamesRepository.swift */; };
		94F6289726D02B7400BAF79D /* UseCase.swift in Sources */ = {isa = PBXBuildFile; fileRef = 94F6289626D02B7400BAF79D /* UseCase.swift */; };
		94F6289926D02B9C00BAF79D /* SearchGamesUseCase.swift in Sources */ = {isa = PBXBuildFile; fileRef = 94F6289826D02B9C00BAF79D /* SearchGamesUseCase.swift */; };
		94F6289C26D02BC300BAF79D /* GameQuery.swift in Sources */ = {isa = PBXBuildFile; fileRef = 94F6289B26D02BC300BAF79D /* GameQuery.swift */; };
		94F628A126D02D4800BAF79D /* AppDIContainer.swift in Sources */ = {isa = PBXBuildFile; fileRef = 94F628A026D02D4800BAF79D /* AppDIContainer.swift */; };
		94F628A326D02E9100BAF79D /* GamesSceneDIContainer.swift in Sources */ = {isa = PBXBuildFile; fileRef = 94F628A226D02E9100BAF79D /* GamesSceneDIContainer.swift */; };
		94F628A526D0300C00BAF79D /* AppAppearance.swift in Sources */ = {isa = PBXBuildFile; fileRef = 94F628A426D0300C00BAF79D /* AppAppearance.swift */; };
		94F628AC26D034AD00BAF79D /* Observable.swift in Sources */ = {isa = PBXBuildFile; fileRef = 94F628AB26D034AD00BAF79D /* Observable.swift */; };
/* End PBXBuildFile section */

/* Begin PBXFileReference section */
		943A653A26E0DEC400091B4F /* Extensions.swift */ = {isa = PBXFileReference; lastKnownFileType = sourcecode.swift; path = Extensions.swift; sourceTree = "<group>"; };
		943A653C26E0E67000091B4F /* UICustomImageView.swift */ = {isa = PBXFileReference; lastKnownFileType = sourcecode.swift; path = UICustomImageView.swift; sourceTree = "<group>"; };
		943A654026E0EAEA00091B4F /* UIHeaderImageView.swift */ = {isa = PBXFileReference; lastKnownFileType = sourcecode.swift; path = UIHeaderImageView.swift; sourceTree = "<group>"; };
		943A654326E0EDE000091B4F /* DetailViewModel.swift */ = {isa = PBXFileReference; lastKnownFileType = sourcecode.swift; path = DetailViewModel.swift; sourceTree = "<group>"; };
		943A654526E0EFE800091B4F /* DetailGame.swift */ = {isa = PBXFileReference; lastKnownFileType = sourcecode.swift; path = DetailGame.swift; sourceTree = "<group>"; };
		943A654726E0F2A800091B4F /* DetailGamesRepository.swift */ = {isa = PBXFileReference; lastKnownFileType = sourcecode.swift; path = DetailGamesRepository.swift; sourceTree = "<group>"; };
		943A654926E0F2F000091B4F /* DetailGamesUseCase.swift */ = {isa = PBXFileReference; lastKnownFileType = sourcecode.swift; path = DetailGamesUseCase.swift; sourceTree = "<group>"; };
		943A654B26E0F39C00091B4F /* DefaultDetailGamesRepository.swift */ = {isa = PBXFileReference; lastKnownFileType = sourcecode.swift; path = DefaultDetailGamesRepository.swift; sourceTree = "<group>"; };
		943A654D26E1048200091B4F /* UIDescriptionView.swift */ = {isa = PBXFileReference; lastKnownFileType = sourcecode.swift; path = UIDescriptionView.swift; sourceTree = "<group>"; };
		943A654F26E1049100091B4F /* UIRatingsAndReviewView.swift */ = {isa = PBXFileReference; lastKnownFileType = sourcecode.swift; path = UIRatingsAndReviewView.swift; sourceTree = "<group>"; };
		943A655126E1049D00091B4F /* UIInformationView.swift */ = {isa = PBXFileReference; lastKnownFileType = sourcecode.swift; path = UIInformationView.swift; sourceTree = "<group>"; };
		943A655426E10AA700091B4F /* UIInformationTableViewCell.swift */ = {isa = PBXFileReference; lastKnownFileType = sourcecode.swift; path = UIInformationTableViewCell.swift; sourceTree = "<group>"; };
		943CE67E26D13F6F0010AE19 /* MainTabBarViewController.swift */ = {isa = PBXFileReference; lastKnownFileType = sourcecode.swift; path = MainTabBarViewController.swift; sourceTree = "<group>"; };
		943CE6C026D1497C0010AE19 /* SceneDelegate.swift */ = {isa = PBXFileReference; lastKnownFileType = sourcecode.swift; path = SceneDelegate.swift; sourceTree = "<group>"; };
		943CE6C326D154ED0010AE19 /* ColorType.swift */ = {isa = PBXFileReference; lastKnownFileType = sourcecode.swift; path = ColorType.swift; sourceTree = "<group>"; };
		943CE6C526D157850010AE19 /* Extension.swift */ = {isa = PBXFileReference; lastKnownFileType = sourcecode.swift; path = Extension.swift; sourceTree = "<group>"; };
		943CE6C826D15F800010AE19 /* UIHeaderLabel.swift */ = {isa = PBXFileReference; lastKnownFileType = sourcecode.swift; path = UIHeaderLabel.swift; sourceTree = "<group>"; };
		947EDEC626DC9A4200743C10 /* DownloadState.swift */ = {isa = PBXFileReference; lastKnownFileType = sourcecode.swift; path = DownloadState.swift; sourceTree = "<group>"; };
		947EDEC826DC9A8D00743C10 /* ImageDownloader.swift */ = {isa = PBXFileReference; lastKnownFileType = sourcecode.swift; path = ImageDownloader.swift; sourceTree = "<group>"; };
		947EDECB26DC9CED00743C10 /* PendingOperations.swift */ = {isa = PBXFileReference; lastKnownFileType = sourcecode.swift; path = PendingOperations.swift; sourceTree = "<group>"; };
		9491448326DFF3FD00979BE6 /* GenresResponseDTO+Mapping.swift */ = {isa = PBXFileReference; lastKnownFileType = sourcecode.swift; path = "GenresResponseDTO+Mapping.swift"; sourceTree = "<group>"; };
		9491448526DFF4AB00979BE6 /* Genres.swift */ = {isa = PBXFileReference; lastKnownFileType = sourcecode.swift; path = Genres.swift; sourceTree = "<group>"; };
		9491448726DFF58B00979BE6 /* GenresUseCase.swift */ = {isa = PBXFileReference; lastKnownFileType = sourcecode.swift; path = GenresUseCase.swift; sourceTree = "<group>"; };
		9491448926DFF5E700979BE6 /* DefaultGenresRepository.swift */ = {isa = PBXFileReference; lastKnownFileType = sourcecode.swift; path = DefaultGenresRepository.swift; sourceTree = "<group>"; };
		9491448B26DFF60E00979BE6 /* GenresRepository.swift */ = {isa = PBXFileReference; lastKnownFileType = sourcecode.swift; path = GenresRepository.swift; sourceTree = "<group>"; };
		9491448E26DFFDE800979BE6 /* BackgroundDownloadImage.swift */ = {isa = PBXFileReference; lastKnownFileType = sourcecode.swift; path = BackgroundDownloadImage.swift; sourceTree = "<group>"; };
		9491449026E0081C00979BE6 /* DetailGamesResponseDTO+Mapping.swift */ = {isa = PBXFileReference; lastKnownFileType = sourcecode.swift; path = "DetailGamesResponseDTO+Mapping.swift"; sourceTree = "<group>"; };
		94C6852E26E0BC49009547A9 /* GamesViewModel.swift */ = {isa = PBXFileReference; lastKnownFileType = sourcecode.swift; path = GamesViewModel.swift; sourceTree = "<group>"; };
		94C6853226E0C128009547A9 /* GamesViewController.swift */ = {isa = PBXFileReference; lastKnownFileType = sourcecode.swift; path = GamesViewController.swift; sourceTree = "<group>"; };
		94ED709026D21BFF00E2C94A /* FontType.swift */ = {isa = PBXFileReference; lastKnownFileType = sourcecode.swift; path = FontType.swift; sourceTree = "<group>"; };
		94ED70B426D231AE00E2C94A /* GamesTableViewCell.swift */ = {isa = PBXFileReference; lastKnownFileType = sourcecode.swift; path = GamesTableViewCell.swift; sourceTree = "<group>"; };
		94ED70B726D2330900E2C94A /* UICustomTableView.swift */ = {isa = PBXFileReference; lastKnownFileType = sourcecode.swift; path = UICustomTableView.swift; sourceTree = "<group>"; };
		94ED70BB26D23C6E00E2C94A /* UISeparatorView.swift */ = {isa = PBXFileReference; lastKnownFileType = sourcecode.swift; path = UISeparatorView.swift; sourceTree = "<group>"; };
		94ED70BD26D23E6600E2C94A /* UIDescriptionLabel.swift */ = {isa = PBXFileReference; lastKnownFileType = sourcecode.swift; path = UIDescriptionLabel.swift; sourceTree = "<group>"; };
		94ED70BF26D23EC100E2C94A /* UITitleLabel.swift */ = {isa = PBXFileReference; lastKnownFileType = sourcecode.swift; path = UITitleLabel.swift; sourceTree = "<group>"; };
		94ED70C126D23F6700E2C94A /* UIRatingView.swift */ = {isa = PBXFileReference; lastKnownFileType = sourcecode.swift; path = UIRatingView.swift; sourceTree = "<group>"; };
		94ED70C326D25C4B00E2C94A /* UIHeaderView.swift */ = {isa = PBXFileReference; lastKnownFileType = sourcecode.swift; path = UIHeaderView.swift; sourceTree = "<group>"; };
		94ED70C726D2667800E2C94A /* SearchViewController+SearchController.swift */ = {isa = PBXFileReference; lastKnownFileType = sourcecode.swift; path = "SearchViewController+SearchController.swift"; sourceTree = "<group>"; };
		94ED70CA26D2681300E2C94A /* ResultSearchViewController.swift */ = {isa = PBXFileReference; lastKnownFileType = sourcecode.swift; path = ResultSearchViewController.swift; sourceTree = "<group>"; };
		94ED70CC26D2691D00E2C94A /* GenresCollectionViewCell.swift */ = {isa = PBXFileReference; lastKnownFileType = sourcecode.swift; path = GenresCollectionViewCell.swift; sourceTree = "<group>"; };
		94ED70CE26D26BB400E2C94A /* SearchViewController+CollectionView.swift */ = {isa = PBXFileReference; lastKnownFileType = sourcecode.swift; path = "SearchViewController+CollectionView.swift"; sourceTree = "<group>"; };
		94ED70D026D2880800E2C94A /* UICustomCollectionView.swift */ = {isa = PBXFileReference; lastKnownFileType = sourcecode.swift; path = UICustomCollectionView.swift; sourceTree = "<group>"; };
		94ED70D526D2A2A500E2C94A /* SeeAllViewController.swift */ = {isa = PBXFileReference; lastKnownFileType = sourcecode.swift; path = SeeAllViewController.swift; sourceTree = "<group>"; };
		94ED70DB26D2A41800E2C94A /* GamesFlowCoordinator.swift */ = {isa = PBXFileReference; lastKnownFileType = sourcecode.swift; path = GamesFlowCoordinator.swift; sourceTree = "<group>"; };
		94ED70DD26D2A45A00E2C94A /* SeeAllGamesType.swift */ = {isa = PBXFileReference; lastKnownFileType = sourcecode.swift; path = SeeAllGamesType.swift; sourceTree = "<group>"; };
		94ED70E026D2A4C300E2C94A /* DetailViewController.swift */ = {isa = PBXFileReference; lastKnownFileType = sourcecode.swift; path = DetailViewController.swift; sourceTree = "<group>"; };
		94ED70E226D2B94A00E2C94A /* SearchViewModel.swift */ = {isa = PBXFileReference; lastKnownFileType = sourcecode.swift; path = SearchViewModel.swift; sourceTree = "<group>"; };
		94ED70E526D2BEBD00E2C94A /* AboutViewController.swift */ = {isa = PBXFileReference; lastKnownFileType = sourcecode.swift; path = AboutViewController.swift; sourceTree = "<group>"; };
		94ED70EA26D2CB9B00E2C94A /* UILoadingView.swift */ = {isa = PBXFileReference; lastKnownFileType = sourcecode.swift; path = UILoadingView.swift; sourceTree = "<group>"; };
		94ED70EC26D2CF3600E2C94A /* UICustomViewControllerWithScrollView.swift */ = {isa = PBXFileReference; lastKnownFileType = sourcecode.swift; path = UICustomViewControllerWithScrollView.swift; sourceTree = "<group>"; };
		94ED70EE26D2DC0200E2C94A /* UINavigationHeaderView.swift */ = {isa = PBXFileReference; lastKnownFileType = sourcecode.swift; path = UINavigationHeaderView.swift; sourceTree = "<group>"; };
		94F6284226D004A900BAF79D /* RAWG-GameCatalogue.app */ = {isa = PBXFileReference; explicitFileType = wrapper.application; includeInIndex = 0; path = "RAWG-GameCatalogue.app"; sourceTree = BUILT_PRODUCTS_DIR; };
		94F6284526D004A900BAF79D /* AppDelegate.swift */ = {isa = PBXFileReference; lastKnownFileType = sourcecode.swift; path = AppDelegate.swift; sourceTree = "<group>"; };
		94F6284E26D004AA00BAF79D /* Assets.xcassets */ = {isa = PBXFileReference; lastKnownFileType = folder.assetcatalog; path = Assets.xcassets; sourceTree = "<group>"; };
		94F6285126D004AA00BAF79D /* Base */ = {isa = PBXFileReference; lastKnownFileType = file.storyboard; name = Base; path = Base.lproj/LaunchScreen.storyboard; sourceTree = "<group>"; };
		94F6285326D004AA00BAF79D /* Info.plist */ = {isa = PBXFileReference; lastKnownFileType = text.plist.xml; path = Info.plist; sourceTree = "<group>"; };
		94F6286326D0067100BAF79D /* AppConfiguration.swift */ = {isa = PBXFileReference; lastKnownFileType = sourcecode.swift; path = AppConfiguration.swift; sourceTree = "<group>"; };
		94F6286826D007E900BAF79D /* BrowseGamesViewController.swift */ = {isa = PBXFileReference; lastKnownFileType = sourcecode.swift; path = BrowseGamesViewController.swift; sourceTree = "<group>"; };
		94F6286C26D0081A00BAF79D /* SearchViewController.swift */ = {isa = PBXFileReference; lastKnownFileType = sourcecode.swift; path = SearchViewController.swift; sourceTree = "<group>"; };
		94F6287026D0133200BAF79D /* DataTransferService.swift */ = {isa = PBXFileReference; lastKnownFileType = sourcecode.swift; path = DataTransferService.swift; sourceTree = "<group>"; };
		94F6287226D013C100BAF79D /* NetworkConfig.swift */ = {isa = PBXFileReference; lastKnownFileType = sourcecode.swift; path = NetworkConfig.swift; sourceTree = "<group>"; };
		94F6287426D0142200BAF79D /* EndPoint.swift */ = {isa = PBXFileReference; lastKnownFileType = sourcecode.swift; path = EndPoint.swift; sourceTree = "<group>"; };
		94F6287626D017EF00BAF79D /* NetworkService.swift */ = {isa = PBXFileReference; lastKnownFileType = sourcecode.swift; path = NetworkService.swift; sourceTree = "<group>"; };
		94F6287926D020CE00BAF79D /* Cancelable.swift */ = {isa = PBXFileReference; lastKnownFileType = sourcecode.swift; path = Cancelable.swift; sourceTree = "<group>"; };
		94F6287B26D020D900BAF79D /* ConnectionError.swift */ = {isa = PBXFileReference; lastKnownFileType = sourcecode.swift; path = ConnectionError.swift; sourceTree = "<group>"; };
		94F6287F26D021AE00BAF79D /* GamesResponseDTO+Mapping.swift */ = {isa = PBXFileReference; lastKnownFileType = sourcecode.swift; path = "GamesResponseDTO+Mapping.swift"; sourceTree = "<group>"; };
		94F6288326D024AC00BAF79D /* Games.swift */ = {isa = PBXFileReference; lastKnownFileType = sourcecode.swift; path = Games.swift; sourceTree = "<group>"; };
		94F6288526D0266500BAF79D /* APIEndpoints.swift */ = {isa = PBXFileReference; lastKnownFileType = sourcecode.swift; path = APIEndpoints.swift; sourceTree = "<group>"; };
		94F6288826D0269E00BAF79D /* GamesRequestDTO+Mapping.swift */ = {isa = PBXFileReference; lastKnownFileType = sourcecode.swift; path = "GamesRequestDTO+Mapping.swift"; sourceTree = "<group>"; };
		94F6288C26D028F700BAF79D /* RepositoryTask.swift */ = {isa = PBXFileReference; lastKnownFileType = sourcecode.swift; path = RepositoryTask.swift; sourceTree = "<group>"; };
		94F6288E26D0293400BAF79D /* DefaultGamesRepository.swift */ = {isa = PBXFileReference; lastKnownFileType = sourcecode.swift; path = DefaultGamesRepository.swift; sourceTree = "<group>"; };
		94F6289226D0299B00BAF79D /* GamesRepository.swift */ = {isa = PBXFileReference; lastKnownFileType = sourcecode.swift; path = GamesRepository.swift; sourceTree = "<group>"; };
		94F6289626D02B7400BAF79D /* UseCase.swift */ = {isa = PBXFileReference; lastKnownFileType = sourcecode.swift; path = UseCase.swift; sourceTree = "<group>"; };
		94F6289826D02B9C00BAF79D /* SearchGamesUseCase.swift */ = {isa = PBXFileReference; lastKnownFileType = sourcecode.swift; path = SearchGamesUseCase.swift; sourceTree = "<group>"; };
		94F6289B26D02BC300BAF79D /* GameQuery.swift */ = {isa = PBXFileReference; lastKnownFileType = sourcecode.swift; path = GameQuery.swift; sourceTree = "<group>"; };
		94F628A026D02D4800BAF79D /* AppDIContainer.swift */ = {isa = PBXFileReference; lastKnownFileType = sourcecode.swift; path = AppDIContainer.swift; sourceTree = "<group>"; };
		94F628A226D02E9100BAF79D /* GamesSceneDIContainer.swift */ = {isa = PBXFileReference; lastKnownFileType = sourcecode.swift; path = GamesSceneDIContainer.swift; sourceTree = "<group>"; };
		94F628A426D0300C00BAF79D /* AppAppearance.swift */ = {isa = PBXFileReference; lastKnownFileType = sourcecode.swift; path = AppAppearance.swift; sourceTree = "<group>"; };
		94F628AB26D034AD00BAF79D /* Observable.swift */ = {isa = PBXFileReference; lastKnownFileType = sourcecode.swift; path = Observable.swift; sourceTree = "<group>"; };
/* End PBXFileReference section */

/* Begin PBXFrameworksBuildPhase section */
		94F6283F26D004A900BAF79D /* Frameworks */ = {
			isa = PBXFrameworksBuildPhase;
			buildActionMask = 2147483647;
			files = (
			);
			runOnlyForDeploymentPostprocessing = 0;
		};
/* End PBXFrameworksBuildPhase section */

/* Begin PBXGroup section */
		943A653E26E0EA5100091B4F /* ViewController */ = {
			isa = PBXGroup;
			children = (
				94ED70E026D2A4C300E2C94A /* DetailViewController.swift */,
			);
			path = ViewController;
			sourceTree = "<group>";
		};
		943A653F26E0EADC00091B4F /* View */ = {
			isa = PBXGroup;
			children = (
				943A655926E1186800091B4F /* Header */,
				943A655826E1185F00091B4F /* Rating */,
				943A655726E1185600091B4F /* Information */,
				943A655626E1184A00091B4F /* Description */,
			);
			path = View;
			sourceTree = "<group>";
		};
		943A654226E0EDD200091B4F /* ViewModel */ = {
			isa = PBXGroup;
			children = (
				943A654326E0EDE000091B4F /* DetailViewModel.swift */,
			);
			path = ViewModel;
			sourceTree = "<group>";
		};
		943A655326E10A9500091B4F /* Cell */ = {
			isa = PBXGroup;
			children = (
				943A655426E10AA700091B4F /* UIInformationTableViewCell.swift */,
			);
			path = Cell;
			sourceTree = "<group>";
		};
		943A655626E1184A00091B4F /* Description */ = {
			isa = PBXGroup;
			children = (
				943A654D26E1048200091B4F /* UIDescriptionView.swift */,
			);
			path = Description;
			sourceTree = "<group>";
		};
		943A655726E1185600091B4F /* Information */ = {
			isa = PBXGroup;
			children = (
				943A655326E10A9500091B4F /* Cell */,
				943A655126E1049D00091B4F /* UIInformationView.swift */,
			);
			path = Information;
			sourceTree = "<group>";
		};
		943A655826E1185F00091B4F /* Rating */ = {
			isa = PBXGroup;
			children = (
				943A654F26E1049100091B4F /* UIRatingsAndReviewView.swift */,
			);
			path = Rating;
			sourceTree = "<group>";
		};
		943A655926E1186800091B4F /* Header */ = {
			isa = PBXGroup;
			children = (
				943A654026E0EAEA00091B4F /* UIHeaderImageView.swift */,
			);
			path = Header;
			sourceTree = "<group>";
		};
		943CE6C226D154E40010AE19 /* Type */ = {
			isa = PBXGroup;
			children = (
				943CE6C326D154ED0010AE19 /* ColorType.swift */,
				94ED709026D21BFF00E2C94A /* FontType.swift */,
				94ED70DD26D2A45A00E2C94A /* SeeAllGamesType.swift */,
			);
			path = Type;
			sourceTree = "<group>";
		};
		943CE6C726D15F6F0010AE19 /* View */ = {
			isa = PBXGroup;
			children = (
				94ED70B626D232E500E2C94A /* UI */,
			);
			path = View;
			sourceTree = "<group>";
		};
		947EDEC526DC9A3800743C10 /* State */ = {
			isa = PBXGroup;
			children = (
				947EDEC626DC9A4200743C10 /* DownloadState.swift */,
			);
			path = State;
			sourceTree = "<group>";
		};
		947EDECA26DC9CDB00743C10 /* Operations */ = {
			isa = PBXGroup;
			children = (
				9491448E26DFFDE800979BE6 /* BackgroundDownloadImage.swift */,
				947EDEC826DC9A8D00743C10 /* ImageDownloader.swift */,
				947EDECB26DC9CED00743C10 /* PendingOperations.swift */,
			);
			path = Operations;
			sourceTree = "<group>";
		};
		94C6853026E0C0FB009547A9 /* Games */ = {
			isa = PBXGroup;
			children = (
				94C6853626E0CBAB009547A9 /* ViewModel */,
				94C6853126E0C11A009547A9 /* ViewController */,
			);
			path = Games;
			sourceTree = "<group>";
		};
		94C6853126E0C11A009547A9 /* ViewController */ = {
			isa = PBXGroup;
			children = (
				94ED70B326D2319D00E2C94A /* Cell */,
				94C6853226E0C128009547A9 /* GamesViewController.swift */,
			);
			path = ViewController;
			sourceTree = "<group>";
		};
		94C6853626E0CBAB009547A9 /* ViewModel */ = {
			isa = PBXGroup;
			children = (
				94C6852E26E0BC49009547A9 /* GamesViewModel.swift */,
			);
			path = ViewModel;
			sourceTree = "<group>";
		};
		94ED70B326D2319D00E2C94A /* Cell */ = {
			isa = PBXGroup;
			children = (
				94ED70B426D231AE00E2C94A /* GamesTableViewCell.swift */,
			);
			path = Cell;
			sourceTree = "<group>";
		};
		94ED70B626D232E500E2C94A /* UI */ = {
			isa = PBXGroup;
			children = (
				943CE6C826D15F800010AE19 /* UIHeaderLabel.swift */,
				94ED70B726D2330900E2C94A /* UICustomTableView.swift */,
				94ED70BB26D23C6E00E2C94A /* UISeparatorView.swift */,
				94ED70BD26D23E6600E2C94A /* UIDescriptionLabel.swift */,
				94ED70BF26D23EC100E2C94A /* UITitleLabel.swift */,
				94ED70C126D23F6700E2C94A /* UIRatingView.swift */,
				94ED70C326D25C4B00E2C94A /* UIHeaderView.swift */,
				94ED70D026D2880800E2C94A /* UICustomCollectionView.swift */,
				94ED70EA26D2CB9B00E2C94A /* UILoadingView.swift */,
				94ED70EC26D2CF3600E2C94A /* UICustomViewControllerWithScrollView.swift */,
				94ED70EE26D2DC0200E2C94A /* UINavigationHeaderView.swift */,
				943A653C26E0E67000091B4F /* UICustomImageView.swift */,
			);
			path = UI;
			sourceTree = "<group>";
		};
		94ED70C526D264D700E2C94A /* ViewModel */ = {
			isa = PBXGroup;
			children = (
				94ED70E226D2B94A00E2C94A /* SearchViewModel.swift */,
			);
			path = ViewModel;
			sourceTree = "<group>";
		};
		94ED70C626D264DF00E2C94A /* Cell */ = {
			isa = PBXGroup;
			children = (
				94ED70CC26D2691D00E2C94A /* GenresCollectionViewCell.swift */,
			);
			path = Cell;
			sourceTree = "<group>";
		};
		94ED70C926D2680200E2C94A /* ResultSearch */ = {
			isa = PBXGroup;
			children = (
				94ED70CA26D2681300E2C94A /* ResultSearchViewController.swift */,
			);
			path = ResultSearch;
			sourceTree = "<group>";
		};
		94ED70D226D2A28400E2C94A /* SeeAllGames */ = {
			isa = PBXGroup;
			children = (
				94ED70D326D2A29300E2C94A /* View */,
			);
			path = SeeAllGames;
			sourceTree = "<group>";
		};
		94ED70D326D2A29300E2C94A /* View */ = {
			isa = PBXGroup;
			children = (
				94ED70D526D2A2A500E2C94A /* SeeAllViewController.swift */,
			);
			path = View;
			sourceTree = "<group>";
		};
		94ED70D926D2A3D400E2C94A /* GamesScene */ = {
			isa = PBXGroup;
			children = (
				94C6853026E0C0FB009547A9 /* Games */,
				94ED70E426D2BEB000E2C94A /* About */,
				94ED70DF26D2A4B600E2C94A /* Detail */,
				94F6286626D007BB00BAF79D /* Browse */,
				94ED70C926D2680200E2C94A /* ResultSearch */,
				94F6286A26D007FE00BAF79D /* Search */,
				94ED70D226D2A28400E2C94A /* SeeAllGames */,
				943CE67E26D13F6F0010AE19 /* MainTabBarViewController.swift */,
			);
			path = GamesScene;
			sourceTree = "<group>";
		};
		94ED70DA26D2A40600E2C94A /* Flows */ = {
			isa = PBXGroup;
			children = (
				94ED70DB26D2A41800E2C94A /* GamesFlowCoordinator.swift */,
			);
			path = Flows;
			sourceTree = "<group>";
		};
		94ED70DF26D2A4B600E2C94A /* Detail */ = {
			isa = PBXGroup;
			children = (
				943A654226E0EDD200091B4F /* ViewModel */,
				943A653F26E0EADC00091B4F /* View */,
				943A653E26E0EA5100091B4F /* ViewController */,
			);
			path = Detail;
			sourceTree = "<group>";
		};
		94ED70E426D2BEB000E2C94A /* About */ = {
			isa = PBXGroup;
			children = (
				94ED70E526D2BEBD00E2C94A /* AboutViewController.swift */,
			);
			path = About;
			sourceTree = "<group>";
		};
		94F6283926D004A900BAF79D = {
			isa = PBXGroup;
			children = (
				94F6284426D004A900BAF79D /* RAWG-GameCatalogue */,
				94F6284326D004A900BAF79D /* Products */,
			);
			sourceTree = "<group>";
		};
		94F6284326D004A900BAF79D /* Products */ = {
			isa = PBXGroup;
			children = (
				94F6284226D004A900BAF79D /* RAWG-GameCatalogue.app */,
			);
			name = Products;
			sourceTree = "<group>";
		};
		94F6284426D004A900BAF79D /* RAWG-GameCatalogue */ = {
			isa = PBXGroup;
			children = (
				94F6286226D0065C00BAF79D /* Application */,
				94F6284E26D004AA00BAF79D /* Assets.xcassets */,
				94F6287826D020BD00BAF79D /* Common */,
				94F6287D26D0217600BAF79D /* Data */,
				94F6288126D0249900BAF79D /* Domain */,
				94F6285326D004AA00BAF79D /* Info.plist */,
				94F6286E26D0131700BAF79D /* Infrastructure */,
				94F6285026D004AA00BAF79D /* LaunchScreen.storyboard */,
				94F6286526D007B000BAF79D /* Presentation */,
			);
			path = "RAWG-GameCatalogue";
			sourceTree = "<group>";
		};
		94F6286226D0065C00BAF79D /* Application */ = {
			isa = PBXGroup;
			children = (
				94F6289F26D02D3300BAF79D /* DIContainer */,
				94F6284526D004A900BAF79D /* AppDelegate.swift */,
				94F6286326D0067100BAF79D /* AppConfiguration.swift */,
				94F628A426D0300C00BAF79D /* AppAppearance.swift */,
				943CE6C026D1497C0010AE19 /* SceneDelegate.swift */,
			);
			path = Application;
			sourceTree = "<group>";
		};
		94F6286526D007B000BAF79D /* Presentation */ = {
			isa = PBXGroup;
			children = (
				94ED70DA26D2A40600E2C94A /* Flows */,
				94ED70D926D2A3D400E2C94A /* GamesScene */,
				94F628AA26D0349F00BAF79D /* Utils */,
			);
			path = Presentation;
			sourceTree = "<group>";
		};
		94F6286626D007BB00BAF79D /* Browse */ = {
			isa = PBXGroup;
			children = (
				94F6286726D007C800BAF79D /* View */,
			);
			path = Browse;
			sourceTree = "<group>";
		};
		94F6286726D007C800BAF79D /* View */ = {
			isa = PBXGroup;
			children = (
				94F6286826D007E900BAF79D /* BrowseGamesViewController.swift */,
			);
			path = View;
			sourceTree = "<group>";
		};
		94F6286A26D007FE00BAF79D /* Search */ = {
			isa = PBXGroup;
			children = (
				94ED70C626D264DF00E2C94A /* Cell */,
				94ED70C526D264D700E2C94A /* ViewModel */,
				94F6286B26D0080E00BAF79D /* View */,
			);
			path = Search;
			sourceTree = "<group>";
		};
		94F6286B26D0080E00BAF79D /* View */ = {
			isa = PBXGroup;
			children = (
				94F6286C26D0081A00BAF79D /* SearchViewController.swift */,
				94ED70C726D2667800E2C94A /* SearchViewController+SearchController.swift */,
				94ED70CE26D26BB400E2C94A /* SearchViewController+CollectionView.swift */,
			);
			path = View;
			sourceTree = "<group>";
		};
		94F6286E26D0131700BAF79D /* Infrastructure */ = {
			isa = PBXGroup;
			children = (
				947EDECA26DC9CDB00743C10 /* Operations */,
				94F6286F26D0132600BAF79D /* Network */,
			);
			path = Infrastructure;
			sourceTree = "<group>";
		};
		94F6286F26D0132600BAF79D /* Network */ = {
			isa = PBXGroup;
			children = (
				94F6287026D0133200BAF79D /* DataTransferService.swift */,
				94F6287226D013C100BAF79D /* NetworkConfig.swift */,
				94F6287426D0142200BAF79D /* EndPoint.swift */,
				94F6287626D017EF00BAF79D /* NetworkService.swift */,
			);
			path = Network;
			sourceTree = "<group>";
		};
		94F6287826D020BD00BAF79D /* Common */ = {
			isa = PBXGroup;
			children = (
				947EDEC526DC9A3800743C10 /* State */,
				943CE6C726D15F6F0010AE19 /* View */,
				943CE6C226D154E40010AE19 /* Type */,
				94F6287926D020CE00BAF79D /* Cancelable.swift */,
				94F6287B26D020D900BAF79D /* ConnectionError.swift */,
				943A653A26E0DEC400091B4F /* Extensions.swift */,
			);
			path = Common;
			sourceTree = "<group>";
		};
		94F6287D26D0217600BAF79D /* Data */ = {
			isa = PBXGroup;
			children = (
				94F6288A26D028E500BAF79D /* Repository */,
				94F6288726D0266900BAF79D /* Network */,
			);
			path = Data;
			sourceTree = "<group>";
		};
		94F6287E26D0218F00BAF79D /* DataMapping */ = {
			isa = PBXGroup;
			children = (
				94F6287F26D021AE00BAF79D /* GamesResponseDTO+Mapping.swift */,
				94F6288826D0269E00BAF79D /* GamesRequestDTO+Mapping.swift */,
				9491448326DFF3FD00979BE6 /* GenresResponseDTO+Mapping.swift */,
				9491449026E0081C00979BE6 /* DetailGamesResponseDTO+Mapping.swift */,
			);
			path = DataMapping;
			sourceTree = "<group>";
		};
		94F6288126D0249900BAF79D /* Domain */ = {
			isa = PBXGroup;
			children = (
				94F6289426D02B5C00BAF79D /* UseCases */,
				94F6289026D0298200BAF79D /* Interfaces */,
				94F6288226D0249F00BAF79D /* Entities */,
			);
			path = Domain;
			sourceTree = "<group>";
		};
		94F6288226D0249F00BAF79D /* Entities */ = {
			isa = PBXGroup;
			children = (
				94F6288326D024AC00BAF79D /* Games.swift */,
				94F6289B26D02BC300BAF79D /* GameQuery.swift */,
				9491448526DFF4AB00979BE6 /* Genres.swift */,
				943A654526E0EFE800091B4F /* DetailGame.swift */,
			);
			path = Entities;
			sourceTree = "<group>";
		};
		94F6288726D0266900BAF79D /* Network */ = {
			isa = PBXGroup;
			children = (
				94F6287E26D0218F00BAF79D /* DataMapping */,
				94F6288526D0266500BAF79D /* APIEndpoints.swift */,
			);
			path = Network;
			sourceTree = "<group>";
		};
		94F6288A26D028E500BAF79D /* Repository */ = {
			isa = PBXGroup;
			children = (
				94F6288B26D028EC00BAF79D /* Utility */,
				94F6288E26D0293400BAF79D /* DefaultGamesRepository.swift */,
				9491448926DFF5E700979BE6 /* DefaultGenresRepository.swift */,
				943A654B26E0F39C00091B4F /* DefaultDetailGamesRepository.swift */,
			);
			path = Repository;
			sourceTree = "<group>";
		};
		94F6288B26D028EC00BAF79D /* Utility */ = {
			isa = PBXGroup;
			children = (
				94F6288C26D028F700BAF79D /* RepositoryTask.swift */,
			);
			path = Utility;
			sourceTree = "<group>";
		};
		94F6289026D0298200BAF79D /* Interfaces */ = {
			isa = PBXGroup;
			children = (
				94F6289126D0298900BAF79D /* Repositories */,
			);
			path = Interfaces;
			sourceTree = "<group>";
		};
		94F6289126D0298900BAF79D /* Repositories */ = {
			isa = PBXGroup;
			children = (
				94F6289226D0299B00BAF79D /* GamesRepository.swift */,
				9491448B26DFF60E00979BE6 /* GenresRepository.swift */,
				943A654726E0F2A800091B4F /* DetailGamesRepository.swift */,
			);
			path = Repositories;
			sourceTree = "<group>";
		};
		94F6289426D02B5C00BAF79D /* UseCases */ = {
			isa = PBXGroup;
			children = (
				94F6289526D02B6600BAF79D /* Protocol */,
				94F6289826D02B9C00BAF79D /* SearchGamesUseCase.swift */,
				9491448726DFF58B00979BE6 /* GenresUseCase.swift */,
				943A654926E0F2F000091B4F /* DetailGamesUseCase.swift */,
			);
			path = UseCases;
			sourceTree = "<group>";
		};
		94F6289526D02B6600BAF79D /* Protocol */ = {
			isa = PBXGroup;
			children = (
				94F6289626D02B7400BAF79D /* UseCase.swift */,
			);
			path = Protocol;
			sourceTree = "<group>";
		};
		94F6289F26D02D3300BAF79D /* DIContainer */ = {
			isa = PBXGroup;
			children = (
				94F628A026D02D4800BAF79D /* AppDIContainer.swift */,
				94F628A226D02E9100BAF79D /* GamesSceneDIContainer.swift */,
			);
			path = DIContainer;
			sourceTree = "<group>";
		};
		94F628AA26D0349F00BAF79D /* Utils */ = {
			isa = PBXGroup;
			children = (
				94F628AB26D034AD00BAF79D /* Observable.swift */,
				943CE6C526D157850010AE19 /* Extension.swift */,
			);
			path = Utils;
			sourceTree = "<group>";
		};
/* End PBXGroup section */

/* Begin PBXNativeTarget section */
		94F6284126D004A900BAF79D /* RAWG-GameCatalogue */ = {
			isa = PBXNativeTarget;
			buildConfigurationList = 94F6285626D004AA00BAF79D /* Build configuration list for PBXNativeTarget "RAWG-GameCatalogue" */;
			buildPhases = (
				94F6283E26D004A900BAF79D /* Sources */,
				94F6283F26D004A900BAF79D /* Frameworks */,
				94F6284026D004A900BAF79D /* Resources */,
			);
			buildRules = (
			);
			dependencies = (
			);
			name = "RAWG-GameCatalogue";
			productName = "RAWG-GameCatalogue";
			productReference = 94F6284226D004A900BAF79D /* RAWG-GameCatalogue.app */;
			productType = "com.apple.product-type.application";
		};
/* End PBXNativeTarget section */

/* Begin PBXProject section */
		94F6283A26D004A900BAF79D /* Project object */ = {
			isa = PBXProject;
			attributes = {
				LastSwiftUpdateCheck = 1250;
				LastUpgradeCheck = 1250;
				TargetAttributes = {
					94F6284126D004A900BAF79D = {
						CreatedOnToolsVersion = 12.5.1;
					};
				};
			};
			buildConfigurationList = 94F6283D26D004A900BAF79D /* Build configuration list for PBXProject "RAWG-GameCatalogue" */;
			compatibilityVersion = "Xcode 9.3";
			developmentRegion = en;
			hasScannedForEncodings = 0;
			knownRegions = (
				en,
				Base,
			);
			mainGroup = 94F6283926D004A900BAF79D;
			productRefGroup = 94F6284326D004A900BAF79D /* Products */;
			projectDirPath = "";
			projectRoot = "";
			targets = (
				94F6284126D004A900BAF79D /* RAWG-GameCatalogue */,
			);
		};
/* End PBXProject section */

/* Begin PBXResourcesBuildPhase section */
		94F6284026D004A900BAF79D /* Resources */ = {
			isa = PBXResourcesBuildPhase;
			buildActionMask = 2147483647;
			files = (
				94F6285226D004AA00BAF79D /* LaunchScreen.storyboard in Resources */,
				94F6284F26D004AA00BAF79D /* Assets.xcassets in Resources */,
			);
			runOnlyForDeploymentPostprocessing = 0;
		};
/* End PBXResourcesBuildPhase section */

/* Begin PBXSourcesBuildPhase section */
		94F6283E26D004A900BAF79D /* Sources */ = {
			isa = PBXSourcesBuildPhase;
			buildActionMask = 2147483647;
			files = (
				94F6287326D013C100BAF79D /* NetworkConfig.swift in Sources */,
				9491448F26DFFDE800979BE6 /* BackgroundDownloadImage.swift in Sources */,
				94F6289326D0299B00BAF79D /* GamesRepository.swift in Sources */,
				947EDEC926DC9A8D00743C10 /* ImageDownloader.swift in Sources */,
				94ED70CB26D2681300E2C94A /* ResultSearchViewController.swift in Sources */,
				94ED70BE26D23E6600E2C94A /* UIDescriptionLabel.swift in Sources */,
				9491448426DFF3FD00979BE6 /* GenresResponseDTO+Mapping.swift in Sources */,
				94ED70EF26D2DC0200E2C94A /* UINavigationHeaderView.swift in Sources */,
				94C6853326E0C128009547A9 /* GamesViewController.swift in Sources */,
				94F6288F26D0293400BAF79D /* DefaultGamesRepository.swift in Sources */,
				94ED70DE26D2A45A00E2C94A /* SeeAllGamesType.swift in Sources */,
				94ED70D626D2A2A500E2C94A /* SeeAllViewController.swift in Sources */,
				947EDEC726DC9A4200743C10 /* DownloadState.swift in Sources */,
				94F6288626D0266500BAF79D /* APIEndpoints.swift in Sources */,
				94F6288D26D028F700BAF79D /* RepositoryTask.swift in Sources */,
				943A653D26E0E67000091B4F /* UICustomImageView.swift in Sources */,
				94ED70C226D23F6700E2C94A /* UIRatingView.swift in Sources */,
				94F6287126D0133200BAF79D /* DataTransferService.swift in Sources */,
				94ED70C826D2667800E2C94A /* SearchViewController+SearchController.swift in Sources */,
				94F6288426D024AC00BAF79D /* Games.swift in Sources */,
				94F6287526D0142200BAF79D /* EndPoint.swift in Sources */,
				943A654C26E0F39C00091B4F /* DefaultDetailGamesRepository.swift in Sources */,
				94F6289C26D02BC300BAF79D /* GameQuery.swift in Sources */,
				943CE6C926D15F800010AE19 /* UIHeaderLabel.swift in Sources */,
				94F6289726D02B7400BAF79D /* UseCase.swift in Sources */,
				943A654E26E1048200091B4F /* UIDescriptionView.swift in Sources */,
				947EDECC26DC9CED00743C10 /* PendingOperations.swift in Sources */,
				94F6288026D021AE00BAF79D /* GamesResponseDTO+Mapping.swift in Sources */,
				94ED70C426D25C4B00E2C94A /* UIHeaderView.swift in Sources */,
				94ED70B526D231AE00E2C94A /* GamesTableViewCell.swift in Sources */,
				94ED70CF26D26BB400E2C94A /* SearchViewController+CollectionView.swift in Sources */,
				94ED70EB26D2CB9B00E2C94A /* UILoadingView.swift in Sources */,
				94F6287A26D020CE00BAF79D /* Cancelable.swift in Sources */,
				94F628AC26D034AD00BAF79D /* Observable.swift in Sources */,
				943A654626E0EFE800091B4F /* DetailGame.swift in Sources */,
				943A653B26E0DEC400091B4F /* Extensions.swift in Sources */,
				94ED70CD26D2691D00E2C94A /* GenresCollectionViewCell.swift in Sources */,
				94ED70ED26D2CF3600E2C94A /* UICustomViewControllerWithScrollView.swift in Sources */,
				94F6286D26D0081A00BAF79D /* SearchViewController.swift in Sources */,
				94ED70E126D2A4C300E2C94A /* DetailViewController.swift in Sources */,
				943A655026E1049100091B4F /* UIRatingsAndReviewView.swift in Sources */,
				943CE6C626D157850010AE19 /* Extension.swift in Sources */,
				94ED70BC26D23C6E00E2C94A /* UISeparatorView.swift in Sources */,
				94ED70B826D2330900E2C94A /* UICustomTableView.swift in Sources */,
				9491448626DFF4AB00979BE6 /* Genres.swift in Sources */,
				943A654126E0EAEA00091B4F /* UIHeaderImageView.swift in Sources */,
				94C6852F26E0BC49009547A9 /* GamesViewModel.swift in Sources */,
				943A655226E1049D00091B4F /* UIInformationView.swift in Sources */,
				94ED70D126D2880800E2C94A /* UICustomCollectionView.swift in Sources */,
				943CE6C126D1497C0010AE19 /* SceneDelegate.swift in Sources */,
				94F6287726D017EF00BAF79D /* NetworkService.swift in Sources */,
				94F6286926D007E900BAF79D /* BrowseGamesViewController.swift in Sources */,
				943CE67F26D13F6F0010AE19 /* MainTabBarViewController.swift in Sources */,
				94F6286426D0067100BAF79D /* AppConfiguration.swift in Sources */,
				94F628A126D02D4800BAF79D /* AppDIContainer.swift in Sources */,
				9491448826DFF58B00979BE6 /* GenresUseCase.swift in Sources */,
				943A654A26E0F2F000091B4F /* DetailGamesUseCase.swift in Sources */,
				94ED709126D21BFF00E2C94A /* FontType.swift in Sources */,
				943CE6C426D154ED0010AE19 /* ColorType.swift in Sources */,
				94F628A326D02E9100BAF79D /* GamesSceneDIContainer.swift in Sources */,
				94F6288926D0269E00BAF79D /* GamesRequestDTO+Mapping.swift in Sources */,
				94F628A526D0300C00BAF79D /* AppAppearance.swift in Sources */,
				94F6284626D004A900BAF79D /* AppDelegate.swift in Sources */,
				94F6287C26D020D900BAF79D /* ConnectionError.swift in Sources */,
				94F6289926D02B9C00BAF79D /* SearchGamesUseCase.swift in Sources */,
				9491449126E0081C00979BE6 /* DetailGamesResponseDTO+Mapping.swift in Sources */,
				94ED70E326D2B94A00E2C94A /* SearchViewModel.swift in Sources */,
				9491448C26DFF60E00979BE6 /* GenresRepository.swift in Sources */,
				94ED70DC26D2A41800E2C94A /* GamesFlowCoordinator.swift in Sources */,
				943A654426E0EDE000091B4F /* DetailViewModel.swift in Sources */,
				943A655526E10AA700091B4F /* UIInformationTableViewCell.swift in Sources */,
				9491448A26DFF5E700979BE6 /* DefaultGenresRepository.swift in Sources */,
				943A654826E0F2A800091B4F /* DetailGamesRepository.swift in Sources */,
				94ED70E626D2BEBD00E2C94A /* AboutViewController.swift in Sources */,
				94ED70C026D23EC100E2C94A /* UITitleLabel.swift in Sources */,
			);
			runOnlyForDeploymentPostprocessing = 0;
		};
/* End PBXSourcesBuildPhase section */

/* Begin PBXVariantGroup section */
		94F6285026D004AA00BAF79D /* LaunchScreen.storyboard */ = {
			isa = PBXVariantGroup;
			children = (
				94F6285126D004AA00BAF79D /* Base */,
			);
			name = LaunchScreen.storyboard;
			sourceTree = "<group>";
		};
/* End PBXVariantGroup section */

/* Begin XCBuildConfiguration section */
		94F6285426D004AA00BAF79D /* Debug */ = {
			isa = XCBuildConfiguration;
			buildSettings = {
				ALWAYS_SEARCH_USER_PATHS = NO;
				CLANG_ANALYZER_NONNULL = YES;
				CLANG_ANALYZER_NUMBER_OBJECT_CONVERSION = YES_AGGRESSIVE;
				CLANG_CXX_LANGUAGE_STANDARD = "gnu++14";
				CLANG_CXX_LIBRARY = "libc++";
				CLANG_ENABLE_MODULES = YES;
				CLANG_ENABLE_OBJC_ARC = YES;
				CLANG_ENABLE_OBJC_WEAK = YES;
				CLANG_WARN_BLOCK_CAPTURE_AUTORELEASING = YES;
				CLANG_WARN_BOOL_CONVERSION = YES;
				CLANG_WARN_COMMA = YES;
				CLANG_WARN_CONSTANT_CONVERSION = YES;
				CLANG_WARN_DEPRECATED_OBJC_IMPLEMENTATIONS = YES;
				CLANG_WARN_DIRECT_OBJC_ISA_USAGE = YES_ERROR;
				CLANG_WARN_DOCUMENTATION_COMMENTS = YES;
				CLANG_WARN_EMPTY_BODY = YES;
				CLANG_WARN_ENUM_CONVERSION = YES;
				CLANG_WARN_INFINITE_RECURSION = YES;
				CLANG_WARN_INT_CONVERSION = YES;
				CLANG_WARN_NON_LITERAL_NULL_CONVERSION = YES;
				CLANG_WARN_OBJC_IMPLICIT_RETAIN_SELF = YES;
				CLANG_WARN_OBJC_LITERAL_CONVERSION = YES;
				CLANG_WARN_OBJC_ROOT_CLASS = YES_ERROR;
				CLANG_WARN_QUOTED_INCLUDE_IN_FRAMEWORK_HEADER = YES;
				CLANG_WARN_RANGE_LOOP_ANALYSIS = YES;
				CLANG_WARN_STRICT_PROTOTYPES = YES;
				CLANG_WARN_SUSPICIOUS_MOVE = YES;
				CLANG_WARN_UNGUARDED_AVAILABILITY = YES_AGGRESSIVE;
				CLANG_WARN_UNREACHABLE_CODE = YES;
				CLANG_WARN__DUPLICATE_METHOD_MATCH = YES;
				COPY_PHASE_STRIP = NO;
				DEBUG_INFORMATION_FORMAT = dwarf;
				ENABLE_STRICT_OBJC_MSGSEND = YES;
				ENABLE_TESTABILITY = YES;
				GCC_C_LANGUAGE_STANDARD = gnu11;
				GCC_DYNAMIC_NO_PIC = NO;
				GCC_NO_COMMON_BLOCKS = YES;
				GCC_OPTIMIZATION_LEVEL = 0;
				GCC_PREPROCESSOR_DEFINITIONS = (
					"DEBUG=1",
					"$(inherited)",
				);
				GCC_WARN_64_TO_32_BIT_CONVERSION = YES;
				GCC_WARN_ABOUT_RETURN_TYPE = YES_ERROR;
				GCC_WARN_UNDECLARED_SELECTOR = YES;
				GCC_WARN_UNINITIALIZED_AUTOS = YES_AGGRESSIVE;
				GCC_WARN_UNUSED_FUNCTION = YES;
				GCC_WARN_UNUSED_VARIABLE = YES;
				IPHONEOS_DEPLOYMENT_TARGET = 14.5;
				MTL_ENABLE_DEBUG_INFO = INCLUDE_SOURCE;
				MTL_FAST_MATH = YES;
				ONLY_ACTIVE_ARCH = YES;
				SDKROOT = iphoneos;
				SWIFT_ACTIVE_COMPILATION_CONDITIONS = DEBUG;
				SWIFT_OPTIMIZATION_LEVEL = "-Onone";
			};
			name = Debug;
		};
		94F6285526D004AA00BAF79D /* Release */ = {
			isa = XCBuildConfiguration;
			buildSettings = {
				ALWAYS_SEARCH_USER_PATHS = NO;
				CLANG_ANALYZER_NONNULL = YES;
				CLANG_ANALYZER_NUMBER_OBJECT_CONVERSION = YES_AGGRESSIVE;
				CLANG_CXX_LANGUAGE_STANDARD = "gnu++14";
				CLANG_CXX_LIBRARY = "libc++";
				CLANG_ENABLE_MODULES = YES;
				CLANG_ENABLE_OBJC_ARC = YES;
				CLANG_ENABLE_OBJC_WEAK = YES;
				CLANG_WARN_BLOCK_CAPTURE_AUTORELEASING = YES;
				CLANG_WARN_BOOL_CONVERSION = YES;
				CLANG_WARN_COMMA = YES;
				CLANG_WARN_CONSTANT_CONVERSION = YES;
				CLANG_WARN_DEPRECATED_OBJC_IMPLEMENTATIONS = YES;
				CLANG_WARN_DIRECT_OBJC_ISA_USAGE = YES_ERROR;
				CLANG_WARN_DOCUMENTATION_COMMENTS = YES;
				CLANG_WARN_EMPTY_BODY = YES;
				CLANG_WARN_ENUM_CONVERSION = YES;
				CLANG_WARN_INFINITE_RECURSION = YES;
				CLANG_WARN_INT_CONVERSION = YES;
				CLANG_WARN_NON_LITERAL_NULL_CONVERSION = YES;
				CLANG_WARN_OBJC_IMPLICIT_RETAIN_SELF = YES;
				CLANG_WARN_OBJC_LITERAL_CONVERSION = YES;
				CLANG_WARN_OBJC_ROOT_CLASS = YES_ERROR;
				CLANG_WARN_QUOTED_INCLUDE_IN_FRAMEWORK_HEADER = YES;
				CLANG_WARN_RANGE_LOOP_ANALYSIS = YES;
				CLANG_WARN_STRICT_PROTOTYPES = YES;
				CLANG_WARN_SUSPICIOUS_MOVE = YES;
				CLANG_WARN_UNGUARDED_AVAILABILITY = YES_AGGRESSIVE;
				CLANG_WARN_UNREACHABLE_CODE = YES;
				CLANG_WARN__DUPLICATE_METHOD_MATCH = YES;
				COPY_PHASE_STRIP = NO;
				DEBUG_INFORMATION_FORMAT = "dwarf-with-dsym";
				ENABLE_NS_ASSERTIONS = NO;
				ENABLE_STRICT_OBJC_MSGSEND = YES;
				GCC_C_LANGUAGE_STANDARD = gnu11;
				GCC_NO_COMMON_BLOCKS = YES;
				GCC_WARN_64_TO_32_BIT_CONVERSION = YES;
				GCC_WARN_ABOUT_RETURN_TYPE = YES_ERROR;
				GCC_WARN_UNDECLARED_SELECTOR = YES;
				GCC_WARN_UNINITIALIZED_AUTOS = YES_AGGRESSIVE;
				GCC_WARN_UNUSED_FUNCTION = YES;
				GCC_WARN_UNUSED_VARIABLE = YES;
				IPHONEOS_DEPLOYMENT_TARGET = 14.5;
				MTL_ENABLE_DEBUG_INFO = NO;
				MTL_FAST_MATH = YES;
				SDKROOT = iphoneos;
				SWIFT_COMPILATION_MODE = wholemodule;
				SWIFT_OPTIMIZATION_LEVEL = "-O";
				VALIDATE_PRODUCT = YES;
			};
			name = Release;
		};
		94F6285726D004AA00BAF79D /* Debug */ = {
			isa = XCBuildConfiguration;
			buildSettings = {
				ASSETCATALOG_COMPILER_APPICON_NAME = AppIcon;
				ASSETCATALOG_COMPILER_GLOBAL_ACCENT_COLOR_NAME = AccentColor;
				CODE_SIGN_STYLE = Automatic;
				DEVELOPMENT_TEAM = C45CSLPP7D;
				INFOPLIST_FILE = "RAWG-GameCatalogue/Info.plist";
				LD_RUNPATH_SEARCH_PATHS = (
					"$(inherited)",
					"@executable_path/Frameworks",
				);
				PRODUCT_BUNDLE_IDENTIFIER = "id.hellodiffa.RAWG-GameCatalogue";
				PRODUCT_NAME = "$(TARGET_NAME)";
				SWIFT_VERSION = 5.0;
				TARGETED_DEVICE_FAMILY = 1;
			};
			name = Debug;
		};
		94F6285826D004AA00BAF79D /* Release */ = {
			isa = XCBuildConfiguration;
			buildSettings = {
				ASSETCATALOG_COMPILER_APPICON_NAME = AppIcon;
				ASSETCATALOG_COMPILER_GLOBAL_ACCENT_COLOR_NAME = AccentColor;
				CODE_SIGN_STYLE = Automatic;
				DEVELOPMENT_TEAM = C45CSLPP7D;
				INFOPLIST_FILE = "RAWG-GameCatalogue/Info.plist";
				LD_RUNPATH_SEARCH_PATHS = (
					"$(inherited)",
					"@executable_path/Frameworks",
				);
				PRODUCT_BUNDLE_IDENTIFIER = "id.hellodiffa.RAWG-GameCatalogue";
				PRODUCT_NAME = "$(TARGET_NAME)";
				SWIFT_VERSION = 5.0;
				TARGETED_DEVICE_FAMILY = 1;
			};
			name = Release;
		};
/* End XCBuildConfiguration section */

/* Begin XCConfigurationList section */
		94F6283D26D004A900BAF79D /* Build configuration list for PBXProject "RAWG-GameCatalogue" */ = {
			isa = XCConfigurationList;
			buildConfigurations = (
				94F6285426D004AA00BAF79D /* Debug */,
				94F6285526D004AA00BAF79D /* Release */,
			);
			defaultConfigurationIsVisible = 0;
			defaultConfigurationName = Release;
		};
		94F6285626D004AA00BAF79D /* Build configuration list for PBXNativeTarget "RAWG-GameCatalogue" */ = {
			isa = XCConfigurationList;
			buildConfigurations = (
				94F6285726D004AA00BAF79D /* Debug */,
				94F6285826D004AA00BAF79D /* Release */,
			);
			defaultConfigurationIsVisible = 0;
			defaultConfigurationName = Release;
		};
/* End XCConfigurationList section */
	};
	rootObject = 94F6283A26D004A900BAF79D /* Project object */;
}
